
Microsoft Visual Studio Solution File, Format Version 12.00
# Visual Studio Version 17
VisualStudioVersion = 17.10.35122.118
MinimumVisualStudioVersion = 10.0.40219.1
Project("{9A19103F-16F7-4668-BE54-9A1E7A4F7556}") = "Domain", "src\core\Domain\Domain.csproj", "{5DC92216-1F95-485D-BE30-1379C80C55B9}"
EndProject
Project("{2150E333-8FDC-42A3-9474-1A3956D46DE8}") = "src", "src", "{B0A1E3C0-3597-41CC-9140-29B4B41D8BDD}"
EndProject
Project("{2150E333-8FDC-42A3-9474-1A3956D46DE8}") = "Applications", "Applications", "{3C8A176A-9700-4C8A-9A45-EDAEC97C2181}"
EndProject
Project("{2150E333-8FDC-42A3-9474-1A3956D46DE8}") = "Core", "Core", "{FECF3E73-7C79-4381-8DA3-23CF80B6959F}"
EndProject
Project("{2150E333-8FDC-42A3-9474-1A3956D46DE8}") = "Infrastructure", "Infrastructure", "{6DD2137F-F5D1-47AD-9C60-4C91ECFDD7B2}"
EndProject
Project("{9A19103F-16F7-4668-BE54-9A1E7A4F7556}") = "Shared", "src\Core\Shared\Shared.csproj", "{4E019AF5-94AF-43CA-BDDE-3B032808D02C}"
EndProject
Project("{9A19103F-16F7-4668-BE54-9A1E7A4F7556}") = "Application", "src\Core\Application\Application.csproj", "{2E4D8027-35F5-4067-A5FD-3423E0B02DC5}"
EndProject
Project("{9A19103F-16F7-4668-BE54-9A1E7A4F7556}") = "Server", "src\Applications\Server\Server.csproj", "{48282BD1-E0DD-4EF1-844B-D060FA437BF7}"
EndProject
Project("{9A19103F-16F7-4668-BE54-9A1E7A4F7556}") = "Infrastructure", "src\Infrastructure\Infrastructure.csproj", "{48B10962-3890-4151-98B7-8FFF1002A942}"
EndProject
Project("{9A19103F-16F7-4668-BE54-9A1E7A4F7556}") = "Infrastructure.Shared", "src\Infrastructure.Shared\Infrastructure.Shared.csproj", "{DD2AD1C0-9A59-4C22-B1C4-5B0BD9848F1C}"
EndProject
Global
	GlobalSection(SolutionConfigurationPlatforms) = preSolution
		Debug|Any CPU = Debug|Any CPU
		Release|Any CPU = Release|Any CPU
	EndGlobalSection
	GlobalSection(ProjectConfigurationPlatforms) = postSolution
		{5DC92216-1F95-485D-BE30-1379C80C55B9}.Debug|Any CPU.ActiveCfg = Debug|Any CPU
		{5DC92216-1F95-485D-BE30-1379C80C55B9}.Debug|Any CPU.Build.0 = Debug|Any CPU
		{5DC92216-1F95-485D-BE30-1379C80C55B9}.Release|Any CPU.ActiveCfg = Release|Any CPU
		{5DC92216-1F95-485D-BE30-1379C80C55B9}.Release|Any CPU.Build.0 = Release|Any CPU
		{4E019AF5-94AF-43CA-BDDE-3B032808D02C}.Debug|Any CPU.ActiveCfg = Debug|Any CPU
		{4E019AF5-94AF-43CA-BDDE-3B032808D02C}.Debug|Any CPU.Build.0 = Debug|Any CPU
		{4E019AF5-94AF-43CA-BDDE-3B032808D02C}.Release|Any CPU.ActiveCfg = Release|Any CPU
		{4E019AF5-94AF-43CA-BDDE-3B032808D02C}.Release|Any CPU.Build.0 = Release|Any CPU
		{2E4D8027-35F5-4067-A5FD-3423E0B02DC5}.Debug|Any CPU.ActiveCfg = Debug|Any CPU
		{2E4D8027-35F5-4067-A5FD-3423E0B02DC5}.Debug|Any CPU.Build.0 = Debug|Any CPU
		{2E4D8027-35F5-4067-A5FD-3423E0B02DC5}.Release|Any CPU.ActiveCfg = Release|Any CPU
		{2E4D8027-35F5-4067-A5FD-3423E0B02DC5}.Release|Any CPU.Build.0 = Release|Any CPU
		{48282BD1-E0DD-4EF1-844B-D060FA437BF7}.Debug|Any CPU.ActiveCfg = Debug|Any CPU
		{48282BD1-E0DD-4EF1-844B-D060FA437BF7}.Debug|Any CPU.Build.0 = Debug|Any CPU
		{48282BD1-E0DD-4EF1-844B-D060FA437BF7}.Release|Any CPU.ActiveCfg = Release|Any CPU
		{48282BD1-E0DD-4EF1-844B-D060FA437BF7}.Release|Any CPU.Build.0 = Release|Any CPU
		{48B10962-3890-4151-98B7-8FFF1002A942}.Debug|Any CPU.ActiveCfg = Debug|Any CPU
		{48B10962-3890-4151-98B7-8FFF1002A942}.Debug|Any CPU.Build.0 = Debug|Any CPU
		{48B10962-3890-4151-98B7-8FFF1002A942}.Release|Any CPU.ActiveCfg = Release|Any CPU
		{48B10962-3890-4151-98B7-8FFF1002A942}.Release|Any CPU.Build.0 = Release|Any CPU
		{DD2AD1C0-9A59-4C22-B1C4-5B0BD9848F1C}.Debug|Any CPU.ActiveCfg = Debug|Any CPU
		{DD2AD1C0-9A59-4C22-B1C4-5B0BD9848F1C}.Debug|Any CPU.Build.0 = Debug|Any CPU
		{DD2AD1C0-9A59-4C22-B1C4-5B0BD9848F1C}.Release|Any CPU.ActiveCfg = Release|Any CPU
		{DD2AD1C0-9A59-4C22-B1C4-5B0BD9848F1C}.Release|Any CPU.Build.0 = Release|Any CPU
	EndGlobalSection
	GlobalSection(SolutionProperties) = preSolution
		HideSolutionNode = FALSE
	EndGlobalSection
	GlobalSection(NestedProjects) = preSolution
		{5DC92216-1F95-485D-BE30-1379C80C55B9} = {FECF3E73-7C79-4381-8DA3-23CF80B6959F}
		{3C8A176A-9700-4C8A-9A45-EDAEC97C2181} = {B0A1E3C0-3597-41CC-9140-29B4B41D8BDD}
		{FECF3E73-7C79-4381-8DA3-23CF80B6959F} = {B0A1E3C0-3597-41CC-9140-29B4B41D8BDD}
		{6DD2137F-F5D1-47AD-9C60-4C91ECFDD7B2} = {B0A1E3C0-3597-41CC-9140-29B4B41D8BDD}
		{4E019AF5-94AF-43CA-BDDE-3B032808D02C} = {FECF3E73-7C79-4381-8DA3-23CF80B6959F}
		{2E4D8027-35F5-4067-A5FD-3423E0B02DC5} = {FECF3E73-7C79-4381-8DA3-23CF80B6959F}
		{48282BD1-E0DD-4EF1-844B-D060FA437BF7} = {3C8A176A-9700-4C8A-9A45-EDAEC97C2181}
		{48B10962-3890-4151-98B7-8FFF1002A942} = {6DD2137F-F5D1-47AD-9C60-4C91ECFDD7B2}
		{DD2AD1C0-9A59-4C22-B1C4-5B0BD9848F1C} = {6DD2137F-F5D1-47AD-9C60-4C91ECFDD7B2}
	EndGlobalSection
	GlobalSection(ExtensibilityGlobals) = postSolution
		SolutionGuid = {052BC103-3C0D-4E5C-A643-2E7AAE99EFCA}
	EndGlobalSection
EndGlobal
